
Microsoft Visual Studio Solution File, Format Version 12.00
# Visual Studio 15
VisualStudioVersion = 15.0.28010.2048
MinimumVisualStudioVersion = 10.0.40219.1
Project("{FAE04EC0-301F-11D3-BF4B-00C04F79EFBC}") = "MJSnippets.ConsoleApp", "MJSnippets.ConsoleApp\MJSnippets.ConsoleApp.csproj", "{75E62C8A-37E4-40C5-A607-5ECCDD8074C9}"
EndProject
Global
	GlobalSection(SolutionConfigurationPlatforms) = preSolution
		Debug|Any CPU = Debug|Any CPU
		Release|Any CPU = Release|Any CPU
	EndGlobalSection
	GlobalSection(ProjectConfigurationPlatforms) = postSolution
		{75E62C8A-37E4-40C5-A607-5ECCDD8074C9}.Debug|Any CPU.ActiveCfg = Debug|Any CPU
		{75E62C8A-37E4-40C5-A607-5ECCDD8074C9}.Debug|Any CPU.Build.0 = Debug|Any CPU
		{75E62C8A-37E4-40C5-A607-5ECCDD8074C9}.Release|Any CPU.ActiveCfg = Release|Any CPU
		{75E62C8A-37E4-40C5-A607-5ECCDD8074C9}.Release|Any CPU.Build.0 = Release|Any CPU
	EndGlobalSection
	GlobalSection(SolutionProperties) = preSolution
		HideSolutionNode = FALSE
	EndGlobalSection
	GlobalSection(ExtensibilityGlobals) = postSolution
		SolutionGuid = {A061B920-F3C0-420F-B5B8-06A29889A775}
	EndGlobalSection
EndGlobal
